
Microsoft Visual Studio Solution File, Format Version 12.00
# Visual Studio 15
VisualStudioVersion = 15.0.28010.2026
MinimumVisualStudioVersion = 10.0.40219.1
Project("{FAE04EC0-301F-11D3-BF4B-00C04F79EFBC}") = "Binaryproject", "Binaryproject\Binaryproject.csproj", "{140623D4-4E24-4A44-8885-91C37A9C7094}"
EndProject
Global
	GlobalSection(SolutionConfigurationPlatforms) = preSolution
		Debug|Any CPU = Debug|Any CPU
		Release|Any CPU = Release|Any CPU
	EndGlobalSection
	GlobalSection(ProjectConfigurationPlatforms) = postSolution
		{140623D4-4E24-4A44-8885-91C37A9C7094}.Debug|Any CPU.ActiveCfg = Debug|Any CPU
		{140623D4-4E24-4A44-8885-91C37A9C7094}.Debug|Any CPU.Build.0 = Debug|Any CPU
		{140623D4-4E24-4A44-8885-91C37A9C7094}.Release|Any CPU.ActiveCfg = Release|Any CPU
		{140623D4-4E24-4A44-8885-91C37A9C7094}.Release|Any CPU.Build.0 = Release|Any CPU
	EndGlobalSection
	GlobalSection(SolutionProperties) = preSolution
		HideSolutionNode = FALSE
	EndGlobalSection
	GlobalSection(ExtensibilityGlobals) = postSolution
		SolutionGuid = {E1E80E94-B153-4C95-90CB-9DC5BB7D56CD}
	EndGlobalSection
EndGlobal
