
Microsoft Visual Studio Solution File, Format Version 12.00
# Visual Studio 15
VisualStudioVersion = 15.0.28010.2026
MinimumVisualStudioVersion = 10.0.40219.1
Project("{FAE04EC0-301F-11D3-BF4B-00C04F79EFBC}") = "exeprojectr", "exeprojectr.csproj", "{0CA1EC83-C578-4377-8CE8-56F8E5E21AD8}"
EndProject
Global
	GlobalSection(SolutionConfigurationPlatforms) = preSolution
		Debug|Any CPU = Debug|Any CPU
		Release|Any CPU = Release|Any CPU
	EndGlobalSection
	GlobalSection(ProjectConfigurationPlatforms) = postSolution
		{0CA1EC83-C578-4377-8CE8-56F8E5E21AD8}.Debug|Any CPU.ActiveCfg = Debug|Any CPU
		{0CA1EC83-C578-4377-8CE8-56F8E5E21AD8}.Debug|Any CPU.Build.0 = Debug|Any CPU
		{0CA1EC83-C578-4377-8CE8-56F8E5E21AD8}.Release|Any CPU.ActiveCfg = Release|Any CPU
		{0CA1EC83-C578-4377-8CE8-56F8E5E21AD8}.Release|Any CPU.Build.0 = Release|Any CPU
	EndGlobalSection
	GlobalSection(SolutionProperties) = preSolution
		HideSolutionNode = FALSE
	EndGlobalSection
	GlobalSection(ExtensibilityGlobals) = postSolution
		SolutionGuid = {04B6EB1B-752B-4151-B124-F25F38DBBDE5}
	EndGlobalSection
EndGlobal
